
Microsoft Visual Studio Solution File, Format Version 12.00
# Visual Studio 15
VisualStudioVersion = 15.0.28307.168
MinimumVisualStudioVersion = 10.0.40219.1
Project("{8BC9CEB8-8B4A-11D0-8D11-00A0C91BC942}") = "bmp2jpeg", "bmp2jpeg\bmp2jpeg.vcxproj", "{96AB1FFE-19F8-4518-8BFE-428E86CA68CC}"
EndProject
Global
	GlobalSection(SolutionConfigurationPlatforms) = preSolution
		Debug|x64 = Debug|x64
		Debug|x86 = Debug|x86
		Release|x64 = Release|x64
		Release|x86 = Release|x86
	EndGlobalSection
	GlobalSection(ProjectConfigurationPlatforms) = postSolution
		{96AB1FFE-19F8-4518-8BFE-428E86CA68CC}.Debug|x64.ActiveCfg = Debug|x64
		{96AB1FFE-19F8-4518-8BFE-428E86CA68CC}.Debug|x64.Build.0 = Debug|x64
		{96AB1FFE-19F8-4518-8BFE-428E86CA68CC}.Debug|x86.ActiveCfg = Debug|Win32
		{96AB1FFE-19F8-4518-8BFE-428E86CA68CC}.Debug|x86.Build.0 = Debug|Win32
		{96AB1FFE-19F8-4518-8BFE-428E86CA68CC}.Release|x64.ActiveCfg = Release|x64
		{96AB1FFE-19F8-4518-8BFE-428E86CA68CC}.Release|x64.Build.0 = Release|x64
		{96AB1FFE-19F8-4518-8BFE-428E86CA68CC}.Release|x86.ActiveCfg = Release|Win32
		{96AB1FFE-19F8-4518-8BFE-428E86CA68CC}.Release|x86.Build.0 = Release|Win32
	EndGlobalSection
	GlobalSection(SolutionProperties) = preSolution
		HideSolutionNode = FALSE
	EndGlobalSection
	GlobalSection(ExtensibilityGlobals) = postSolution
		SolutionGuid = {9F6902FA-2748-4CA6-A9B5-162D56589CF2}
	EndGlobalSection
EndGlobal
